<?xml version="1.0" encoding="UTF-8"?>
<!DOCTYPE plist PUBLIC "-//Apple//DTD PLIST 1.0//EN" "http://www.apple.com/DTDs/PropertyList-1.0.dtd">
<plist version="1.0">
<dict>
	<key>archiveVersion</key>
	<string>1</string>
	<key>classes</key>
	<dict/>
	<key>objectVersion</key>
	<string>46</string>
	<key>objects</key>
	<dict>
		<key>4BACA2E4DC704563B580433D</key>
		<dict>
			<key>includeInIndex</key>
			<string>1</string>
			<key>isa</key>
			<string>PBXFileReference</string>
			<key>lastKnownFileType</key>
			<string>text.xcconfig</string>
			<key>name</key>
			<string>Pods.xcconfig</string>
			<key>path</key>
			<string>Pods/Pods.xcconfig</string>
			<key>sourceTree</key>
			<string>&lt;group&gt;</string>
		</dict>
		<key>52C6CF0818CDC95400E26D38</key>
		<dict>
			<key>children</key>
			<array>
				<string>52C6CF1A18CDC95400E26D38</string>
				<string>52C6CF3918CDC95400E26D38</string>
				<string>52C6CF1318CDC95400E26D38</string>
				<string>52C6CF1218CDC95400E26D38</string>
				<string>4BACA2E4DC704563B580433D</string>
			</array>
			<key>isa</key>
			<string>PBXGroup</string>
			<key>sourceTree</key>
			<string>&lt;group&gt;</string>
		</dict>
		<key>52C6CF0918CDC95400E26D38</key>
		<dict>
			<key>attributes</key>
			<dict>
				<key>LastUpgradeCheck</key>
				<string>0500</string>
				<key>ORGANIZATIONNAME</key>
				<string>Krisztian Szabo</string>
				<key>TargetAttributes</key>
				<dict>
					<key>52C6CF1018CDC95400E26D38</key>
					<dict>
						<key>DevelopmentTeam</key>
						<string>64JQC44DL3</string>
						<key>SystemCapabilities</key>
						<dict>
							<key>com.apple.BackgroundModes</key>
							<dict>
								<key>enabled</key>
								<string>1</string>
							</dict>
						</dict>
					</dict>
					<key>52C6CF3118CDC95400E26D38</key>
					<dict>
						<key>TestTargetID</key>
						<string>52C6CF1018CDC95400E26D38</string>
					</dict>
				</dict>
			</dict>
			<key>buildConfigurationList</key>
			<string>52C6CF0C18CDC95400E26D38</string>
			<key>compatibilityVersion</key>
			<string>Xcode 3.2</string>
			<key>developmentRegion</key>
			<string>English</string>
			<key>hasScannedForEncodings</key>
			<string>0</string>
			<key>isa</key>
			<string>PBXProject</string>
			<key>knownRegions</key>
			<array>
				<string>en</string>
				<string>Base</string>
			</array>
			<key>mainGroup</key>
			<string>52C6CF0818CDC95400E26D38</string>
			<key>productRefGroup</key>
			<string>52C6CF1218CDC95400E26D38</string>
			<key>projectDirPath</key>
			<string></string>
			<key>projectReferences</key>
			<array/>
			<key>projectRoot</key>
			<string></string>
			<key>targets</key>
			<array>
				<string>52C6CF1018CDC95400E26D38</string>
				<string>52C6CF3118CDC95400E26D38</string>
			</array>
		</dict>
		<key>52C6CF0C18CDC95400E26D38</key>
		<dict>
			<key>buildConfigurations</key>
			<array>
				<string>52C6CF4118CDC95400E26D38</string>
				<string>52C6CF4218CDC95400E26D38</string>
			</array>
			<key>defaultConfigurationIsVisible</key>
			<string>0</string>
			<key>defaultConfigurationName</key>
			<string>Release</string>
			<key>isa</key>
			<string>XCConfigurationList</string>
		</dict>
		<key>52C6CF0D18CDC95400E26D38</key>
		<dict>
			<key>buildActionMask</key>
			<string>2147483647</string>
			<key>files</key>
			<array>
				<string>52C6CF5218CDCAD100E26D38</string>
				<string>52C6CF2118CDC95400E26D38</string>
				<string>52C6CF5518CDCADA00E26D38</string>
				<string>52C6CF6718CDE3CD00E26D38</string>
				<string>52C6CF5F18CDE11A00E26D38</string>
				<string>52C6CF6318CDE3AD00E26D38</string>
				<string>52C6CF5918CDCF1500E26D38</string>
			</array>
			<key>isa</key>
			<string>PBXSourcesBuildPhase</string>
			<key>runOnlyForDeploymentPostprocessing</key>
			<string>0</string>
		</dict>
		<key>52C6CF0E18CDC95400E26D38</key>
		<dict>
			<key>buildActionMask</key>
			<string>2147483647</string>
			<key>files</key>
			<array>
				<string>52C6CF5B18CDCF4C00E26D38</string>
				<string>52C6CF1718CDC95400E26D38</string>
				<string>52C6CF1918CDC95400E26D38</string>
				<string>52C6CF1518CDC95400E26D38</string>
				<string>B3EA0A8E60724825A28D184C</string>
			</array>
			<key>isa</key>
			<string>PBXFrameworksBuildPhase</string>
			<key>runOnlyForDeploymentPostprocessing</key>
			<string>0</string>
		</dict>
		<key>52C6CF0F18CDC95400E26D38</key>
		<dict>
			<key>buildActionMask</key>
			<string>2147483647</string>
			<key>files</key>
			<array>
				<string>52C6CF2D18CDC95400E26D38</string>
				<string>52C6CF1F18CDC95400E26D38</string>
				<string>52C6CF2818CDC95400E26D38</string>
			</array>
			<key>isa</key>
			<string>PBXResourcesBuildPhase</string>
			<key>runOnlyForDeploymentPostprocessing</key>
			<string>0</string>
		</dict>
		<key>52C6CF1018CDC95400E26D38</key>
		<dict>
			<key>buildConfigurationList</key>
			<string>52C6CF4318CDC95400E26D38</string>
			<key>buildPhases</key>
			<array>
				<string>CB53C16AACD6431CBB1236BA</string>
				<string>52C6CF0D18CDC95400E26D38</string>
				<string>52C6CF0E18CDC95400E26D38</string>
				<string>52C6CF0F18CDC95400E26D38</string>
				<string>A5441D67B3F044B5AAAEFCCB</string>
			</array>
			<key>buildRules</key>
			<array/>
			<key>dependencies</key>
			<array/>
			<key>isa</key>
			<string>PBXNativeTarget</string>
			<key>name</key>
			<string>PebbleWeatherNotifier</string>
			<key>productName</key>
			<string>PebbleWeatherNotifier</string>
			<key>productReference</key>
			<string>52C6CF1118CDC95400E26D38</string>
			<key>productType</key>
			<string>com.apple.product-type.application</string>
		</dict>
		<key>52C6CF1118CDC95400E26D38</key>
		<dict>
			<key>explicitFileType</key>
			<string>wrapper.application</string>
			<key>includeInIndex</key>
			<string>0</string>
			<key>isa</key>
			<string>PBXFileReference</string>
			<key>path</key>
			<string>Grobly.app</string>
			<key>sourceTree</key>
			<string>BUILT_PRODUCTS_DIR</string>
		</dict>
		<key>52C6CF1218CDC95400E26D38</key>
		<dict>
			<key>children</key>
			<array>
				<string>52C6CF1118CDC95400E26D38</string>
				<string>52C6CF3218CDC95400E26D38</string>
			</array>
			<key>isa</key>
			<string>PBXGroup</string>
			<key>name</key>
			<string>Products</string>
			<key>sourceTree</key>
			<string>&lt;group&gt;</string>
		</dict>
		<key>52C6CF1318CDC95400E26D38</key>
		<dict>
			<key>children</key>
			<array>
				<string>52C6CF5A18CDCF4C00E26D38</string>
				<string>52C6CF1418CDC95400E26D38</string>
				<string>52C6CF1618CDC95400E26D38</string>
				<string>52C6CF1818CDC95400E26D38</string>
				<string>52C6CF3318CDC95400E26D38</string>
				<string>AAC8BBC665454306B5E90F65</string>
			</array>
			<key>isa</key>
			<string>PBXGroup</string>
			<key>name</key>
			<string>Frameworks</string>
			<key>sourceTree</key>
			<string>&lt;group&gt;</string>
		</dict>
		<key>52C6CF1418CDC95400E26D38</key>
		<dict>
			<key>isa</key>
			<string>PBXFileReference</string>
			<key>lastKnownFileType</key>
			<string>wrapper.framework</string>
			<key>name</key>
			<string>Foundation.framework</string>
			<key>path</key>
			<string>System/Library/Frameworks/Foundation.framework</string>
			<key>sourceTree</key>
			<string>SDKROOT</string>
		</dict>
		<key>52C6CF1518CDC95400E26D38</key>
		<dict>
			<key>fileRef</key>
			<string>52C6CF1418CDC95400E26D38</string>
			<key>isa</key>
			<string>PBXBuildFile</string>
		</dict>
		<key>52C6CF1618CDC95400E26D38</key>
		<dict>
			<key>isa</key>
			<string>PBXFileReference</string>
			<key>lastKnownFileType</key>
			<string>wrapper.framework</string>
			<key>name</key>
			<string>CoreGraphics.framework</string>
			<key>path</key>
			<string>System/Library/Frameworks/CoreGraphics.framework</string>
			<key>sourceTree</key>
			<string>SDKROOT</string>
		</dict>
		<key>52C6CF1718CDC95400E26D38</key>
		<dict>
			<key>fileRef</key>
			<string>52C6CF1618CDC95400E26D38</string>
			<key>isa</key>
			<string>PBXBuildFile</string>
		</dict>
		<key>52C6CF1818CDC95400E26D38</key>
		<dict>
			<key>isa</key>
			<string>PBXFileReference</string>
			<key>lastKnownFileType</key>
			<string>wrapper.framework</string>
			<key>name</key>
			<string>UIKit.framework</string>
			<key>path</key>
			<string>System/Library/Frameworks/UIKit.framework</string>
			<key>sourceTree</key>
			<string>SDKROOT</string>
		</dict>
		<key>52C6CF1918CDC95400E26D38</key>
		<dict>
			<key>fileRef</key>
			<string>52C6CF1818CDC95400E26D38</string>
			<key>isa</key>
			<string>PBXBuildFile</string>
		</dict>
		<key>52C6CF1A18CDC95400E26D38</key>
		<dict>
			<key>children</key>
			<array>
				<string>52C6CF4E18CDCAB400E26D38</string>
				<string>52C6CF4D18CDCAAE00E26D38</string>
				<string>52C6CF4C18CDCAA900E26D38</string>
				<string>52C6CF4B18CDCA8800E26D38</string>
				<string>52C6CF4A18CDCA8300E26D38</string>
				<string>52C6CF4918CDCA4500E26D38</string>
				<string>52C6CF1B18CDC95400E26D38</string>
			</array>
			<key>isa</key>
			<string>PBXGroup</string>
			<key>path</key>
			<string>PebbleWeatherNotifier</string>
			<key>sourceTree</key>
			<string>&lt;group&gt;</string>
		</dict>
		<key>52C6CF1B18CDC95400E26D38</key>
		<dict>
			<key>children</key>
			<array>
				<string>52C6CF1C18CDC95400E26D38</string>
				<string>52C6CF1D18CDC95400E26D38</string>
				<string>52C6CF2018CDC95400E26D38</string>
				<string>52C6CF2218CDC95400E26D38</string>
			</array>
			<key>isa</key>
			<string>PBXGroup</string>
			<key>name</key>
			<string>Supporting Files</string>
			<key>sourceTree</key>
			<string>&lt;group&gt;</string>
		</dict>
		<key>52C6CF1C18CDC95400E26D38</key>
		<dict>
			<key>isa</key>
			<string>PBXFileReference</string>
			<key>lastKnownFileType</key>
			<string>text.plist.xml</string>
			<key>path</key>
			<string>PebbleWeatherNotifier-Info.plist</string>
			<key>sourceTree</key>
			<string>&lt;group&gt;</string>
		</dict>
		<key>52C6CF1D18CDC95400E26D38</key>
		<dict>
			<key>children</key>
			<array>
				<string>52C6CF1E18CDC95400E26D38</string>
			</array>
			<key>isa</key>
			<string>PBXVariantGroup</string>
			<key>name</key>
			<string>InfoPlist.strings</string>
			<key>sourceTree</key>
			<string>&lt;group&gt;</string>
		</dict>
		<key>52C6CF1E18CDC95400E26D38</key>
		<dict>
			<key>isa</key>
			<string>PBXFileReference</string>
			<key>lastKnownFileType</key>
			<string>text.plist.strings</string>
			<key>name</key>
			<string>en</string>
			<key>path</key>
			<string>en.lproj/InfoPlist.strings</string>
			<key>sourceTree</key>
			<string>&lt;group&gt;</string>
		</dict>
		<key>52C6CF1F18CDC95400E26D38</key>
		<dict>
			<key>fileRef</key>
			<string>52C6CF1D18CDC95400E26D38</string>
			<key>isa</key>
			<string>PBXBuildFile</string>
		</dict>
		<key>52C6CF2018CDC95400E26D38</key>
		<dict>
			<key>isa</key>
			<string>PBXFileReference</string>
			<key>lastKnownFileType</key>
			<string>sourcecode.c.objc</string>
			<key>path</key>
			<string>main.m</string>
			<key>sourceTree</key>
			<string>&lt;group&gt;</string>
		</dict>
		<key>52C6CF2118CDC95400E26D38</key>
		<dict>
			<key>fileRef</key>
			<string>52C6CF2018CDC95400E26D38</string>
			<key>isa</key>
			<string>PBXBuildFile</string>
		</dict>
		<key>52C6CF2218CDC95400E26D38</key>
		<dict>
			<key>isa</key>
			<string>PBXFileReference</string>
			<key>lastKnownFileType</key>
			<string>sourcecode.c.h</string>
			<key>path</key>
			<string>PebbleWeatherNotifier-Prefix.pch</string>
			<key>sourceTree</key>
			<string>&lt;group&gt;</string>
		</dict>
		<key>52C6CF2618CDC95400E26D38</key>
		<dict>
			<key>children</key>
			<array>
				<string>52C6CF2718CDC95400E26D38</string>
			</array>
			<key>isa</key>
			<string>PBXVariantGroup</string>
			<key>name</key>
			<string>Main.storyboard</string>
			<key>sourceTree</key>
			<string>&lt;group&gt;</string>
		</dict>
		<key>52C6CF2718CDC95400E26D38</key>
		<dict>
			<key>isa</key>
			<string>PBXFileReference</string>
			<key>lastKnownFileType</key>
			<string>file.storyboard</string>
			<key>name</key>
			<string>Base</string>
			<key>path</key>
			<string>Base.lproj/Main.storyboard</string>
			<key>sourceTree</key>
			<string>&lt;group&gt;</string>
		</dict>
		<key>52C6CF2818CDC95400E26D38</key>
		<dict>
			<key>fileRef</key>
			<string>52C6CF2618CDC95400E26D38</string>
			<key>isa</key>
			<string>PBXBuildFile</string>
		</dict>
		<key>52C6CF2C18CDC95400E26D38</key>
		<dict>
			<key>isa</key>
			<string>PBXFileReference</string>
			<key>lastKnownFileType</key>
			<string>folder.assetcatalog</string>
			<key>path</key>
			<string>Images.xcassets</string>
			<key>sourceTree</key>
			<string>&lt;group&gt;</string>
		</dict>
		<key>52C6CF2D18CDC95400E26D38</key>
		<dict>
			<key>fileRef</key>
			<string>52C6CF2C18CDC95400E26D38</string>
			<key>isa</key>
			<string>PBXBuildFile</string>
		</dict>
		<key>52C6CF2E18CDC95400E26D38</key>
		<dict>
			<key>buildActionMask</key>
			<string>2147483647</string>
			<key>files</key>
			<array>
				<string>52C6CF4018CDC95400E26D38</string>
			</array>
			<key>isa</key>
			<string>PBXSourcesBuildPhase</string>
			<key>runOnlyForDeploymentPostprocessing</key>
			<string>0</string>
		</dict>
		<key>52C6CF2F18CDC95400E26D38</key>
		<dict>
			<key>buildActionMask</key>
			<string>2147483647</string>
			<key>files</key>
			<array>
				<string>52C6CF3418CDC95400E26D38</string>
				<string>52C6CF3618CDC95400E26D38</string>
				<string>52C6CF3518CDC95400E26D38</string>
			</array>
			<key>isa</key>
			<string>PBXFrameworksBuildPhase</string>
			<key>runOnlyForDeploymentPostprocessing</key>
			<string>0</string>
		</dict>
		<key>52C6CF3018CDC95400E26D38</key>
		<dict>
			<key>buildActionMask</key>
			<string>2147483647</string>
			<key>files</key>
			<array>
				<string>52C6CF3E18CDC95400E26D38</string>
			</array>
			<key>isa</key>
			<string>PBXResourcesBuildPhase</string>
			<key>runOnlyForDeploymentPostprocessing</key>
			<string>0</string>
		</dict>
		<key>52C6CF3118CDC95400E26D38</key>
		<dict>
			<key>buildConfigurationList</key>
			<string>52C6CF4618CDC95400E26D38</string>
			<key>buildPhases</key>
			<array>
				<string>52C6CF2E18CDC95400E26D38</string>
				<string>52C6CF2F18CDC95400E26D38</string>
				<string>52C6CF3018CDC95400E26D38</string>
			</array>
			<key>buildRules</key>
			<array/>
			<key>dependencies</key>
			<array>
				<string>52C6CF3818CDC95400E26D38</string>
			</array>
			<key>isa</key>
			<string>PBXNativeTarget</string>
			<key>name</key>
			<string>PebbleWeatherNotifierTests</string>
			<key>productName</key>
			<string>PebbleWeatherNotifierTests</string>
			<key>productReference</key>
			<string>52C6CF3218CDC95400E26D38</string>
			<key>productType</key>
			<string>com.apple.product-type.bundle.unit-test</string>
		</dict>
		<key>52C6CF3218CDC95400E26D38</key>
		<dict>
			<key>explicitFileType</key>
			<string>wrapper.cfbundle</string>
			<key>includeInIndex</key>
			<string>0</string>
			<key>isa</key>
			<string>PBXFileReference</string>
			<key>path</key>
			<string>PebbleWeatherNotifierTests.xctest</string>
			<key>sourceTree</key>
			<string>BUILT_PRODUCTS_DIR</string>
		</dict>
		<key>52C6CF3318CDC95400E26D38</key>
		<dict>
			<key>isa</key>
			<string>PBXFileReference</string>
			<key>lastKnownFileType</key>
			<string>wrapper.framework</string>
			<key>name</key>
			<string>XCTest.framework</string>
			<key>path</key>
			<string>Library/Frameworks/XCTest.framework</string>
			<key>sourceTree</key>
			<string>DEVELOPER_DIR</string>
		</dict>
		<key>52C6CF3418CDC95400E26D38</key>
		<dict>
			<key>fileRef</key>
			<string>52C6CF3318CDC95400E26D38</string>
			<key>isa</key>
			<string>PBXBuildFile</string>
		</dict>
		<key>52C6CF3518CDC95400E26D38</key>
		<dict>
			<key>fileRef</key>
			<string>52C6CF1418CDC95400E26D38</string>
			<key>isa</key>
			<string>PBXBuildFile</string>
		</dict>
		<key>52C6CF3618CDC95400E26D38</key>
		<dict>
			<key>fileRef</key>
			<string>52C6CF1818CDC95400E26D38</string>
			<key>isa</key>
			<string>PBXBuildFile</string>
		</dict>
		<key>52C6CF3718CDC95400E26D38</key>
		<dict>
			<key>containerPortal</key>
			<string>52C6CF0918CDC95400E26D38</string>
			<key>isa</key>
			<string>PBXContainerItemProxy</string>
			<key>proxyType</key>
			<string>1</string>
			<key>remoteGlobalIDString</key>
			<string>52C6CF1018CDC95400E26D38</string>
			<key>remoteInfo</key>
			<string>PebbleWeatherNotifier</string>
		</dict>
		<key>52C6CF3818CDC95400E26D38</key>
		<dict>
			<key>isa</key>
			<string>PBXTargetDependency</string>
			<key>target</key>
			<string>52C6CF1018CDC95400E26D38</string>
			<key>targetProxy</key>
			<string>52C6CF3718CDC95400E26D38</string>
		</dict>
		<key>52C6CF3918CDC95400E26D38</key>
		<dict>
			<key>children</key>
			<array>
				<string>52C6CF3F18CDC95400E26D38</string>
				<string>52C6CF3A18CDC95400E26D38</string>
			</array>
			<key>isa</key>
			<string>PBXGroup</string>
			<key>path</key>
			<string>PebbleWeatherNotifierTests</string>
			<key>sourceTree</key>
			<string>&lt;group&gt;</string>
		</dict>
		<key>52C6CF3A18CDC95400E26D38</key>
		<dict>
			<key>children</key>
			<array>
				<string>52C6CF3B18CDC95400E26D38</string>
				<string>52C6CF3C18CDC95400E26D38</string>
			</array>
			<key>isa</key>
			<string>PBXGroup</string>
			<key>name</key>
			<string>Supporting Files</string>
			<key>sourceTree</key>
			<string>&lt;group&gt;</string>
		</dict>
		<key>52C6CF3B18CDC95400E26D38</key>
		<dict>
			<key>isa</key>
			<string>PBXFileReference</string>
			<key>lastKnownFileType</key>
			<string>text.plist.xml</string>
			<key>path</key>
			<string>PebbleWeatherNotifierTests-Info.plist</string>
			<key>sourceTree</key>
			<string>&lt;group&gt;</string>
		</dict>
		<key>52C6CF3C18CDC95400E26D38</key>
		<dict>
			<key>children</key>
			<array>
				<string>52C6CF3D18CDC95400E26D38</string>
			</array>
			<key>isa</key>
			<string>PBXVariantGroup</string>
			<key>name</key>
			<string>InfoPlist.strings</string>
			<key>sourceTree</key>
			<string>&lt;group&gt;</string>
		</dict>
		<key>52C6CF3D18CDC95400E26D38</key>
		<dict>
			<key>isa</key>
			<string>PBXFileReference</string>
			<key>lastKnownFileType</key>
			<string>text.plist.strings</string>
			<key>name</key>
			<string>en</string>
			<key>path</key>
			<string>en.lproj/InfoPlist.strings</string>
			<key>sourceTree</key>
			<string>&lt;group&gt;</string>
		</dict>
		<key>52C6CF3E18CDC95400E26D38</key>
		<dict>
			<key>fileRef</key>
			<string>52C6CF3C18CDC95400E26D38</string>
			<key>isa</key>
			<string>PBXBuildFile</string>
		</dict>
		<key>52C6CF3F18CDC95400E26D38</key>
		<dict>
			<key>isa</key>
			<string>PBXFileReference</string>
			<key>lastKnownFileType</key>
			<string>sourcecode.c.objc</string>
			<key>path</key>
			<string>PebbleWeatherNotifierTests.m</string>
			<key>sourceTree</key>
			<string>&lt;group&gt;</string>
		</dict>
		<key>52C6CF4018CDC95400E26D38</key>
		<dict>
			<key>fileRef</key>
			<string>52C6CF3F18CDC95400E26D38</string>
			<key>isa</key>
			<string>PBXBuildFile</string>
		</dict>
		<key>52C6CF4118CDC95400E26D38</key>
		<dict>
			<key>buildSettings</key>
			<dict>
				<key>ALWAYS_SEARCH_USER_PATHS</key>
				<string>NO</string>
				<key>ARCHS</key>
				<string>$(ARCHS_STANDARD_INCLUDING_64_BIT)</string>
				<key>CLANG_CXX_LANGUAGE_STANDARD</key>
				<string>gnu++0x</string>
				<key>CLANG_CXX_LIBRARY</key>
				<string>libc++</string>
				<key>CLANG_ENABLE_MODULES</key>
				<string>YES</string>
				<key>CLANG_ENABLE_OBJC_ARC</key>
				<string>YES</string>
				<key>CLANG_WARN_BOOL_CONVERSION</key>
				<string>YES</string>
				<key>CLANG_WARN_CONSTANT_CONVERSION</key>
				<string>YES</string>
				<key>CLANG_WARN_DIRECT_OBJC_ISA_USAGE</key>
				<string>YES_ERROR</string>
				<key>CLANG_WARN_EMPTY_BODY</key>
				<string>YES</string>
				<key>CLANG_WARN_ENUM_CONVERSION</key>
				<string>YES</string>
				<key>CLANG_WARN_INT_CONVERSION</key>
				<string>YES</string>
				<key>CLANG_WARN_OBJC_ROOT_CLASS</key>
				<string>YES_ERROR</string>
				<key>CLANG_WARN__DUPLICATE_METHOD_MATCH</key>
				<string>YES</string>
				<key>CODE_SIGN_IDENTITY[sdk=iphoneos*]</key>
				<string>iPhone Developer</string>
				<key>COPY_PHASE_STRIP</key>
				<string>NO</string>
				<key>GCC_C_LANGUAGE_STANDARD</key>
				<string>gnu99</string>
				<key>GCC_DYNAMIC_NO_PIC</key>
				<string>NO</string>
				<key>GCC_OPTIMIZATION_LEVEL</key>
				<string>0</string>
				<key>GCC_PREPROCESSOR_DEFINITIONS</key>
				<array>
					<string>DEBUG=1</string>
					<string>$(inherited)</string>
				</array>
				<key>GCC_SYMBOLS_PRIVATE_EXTERN</key>
				<string>NO</string>
				<key>GCC_WARN_64_TO_32_BIT_CONVERSION</key>
				<string>YES</string>
				<key>GCC_WARN_ABOUT_RETURN_TYPE</key>
				<string>YES_ERROR</string>
				<key>GCC_WARN_UNDECLARED_SELECTOR</key>
				<string>YES</string>
				<key>GCC_WARN_UNINITIALIZED_AUTOS</key>
				<string>YES</string>
				<key>GCC_WARN_UNUSED_FUNCTION</key>
				<string>YES</string>
				<key>GCC_WARN_UNUSED_VARIABLE</key>
				<string>YES</string>
				<key>IPHONEOS_DEPLOYMENT_TARGET</key>
				<string>7.0</string>
				<key>ONLY_ACTIVE_ARCH</key>
				<string>YES</string>
				<key>SDKROOT</key>
				<string>iphoneos</string>
			</dict>
			<key>isa</key>
			<string>XCBuildConfiguration</string>
			<key>name</key>
			<string>Debug</string>
		</dict>
		<key>52C6CF4218CDC95400E26D38</key>
		<dict>
			<key>buildSettings</key>
			<dict>
				<key>ALWAYS_SEARCH_USER_PATHS</key>
				<string>NO</string>
				<key>ARCHS</key>
				<string>$(ARCHS_STANDARD_INCLUDING_64_BIT)</string>
				<key>CLANG_CXX_LANGUAGE_STANDARD</key>
				<string>gnu++0x</string>
				<key>CLANG_CXX_LIBRARY</key>
				<string>libc++</string>
				<key>CLANG_ENABLE_MODULES</key>
				<string>YES</string>
				<key>CLANG_ENABLE_OBJC_ARC</key>
				<string>YES</string>
				<key>CLANG_WARN_BOOL_CONVERSION</key>
				<string>YES</string>
				<key>CLANG_WARN_CONSTANT_CONVERSION</key>
				<string>YES</string>
				<key>CLANG_WARN_DIRECT_OBJC_ISA_USAGE</key>
				<string>YES_ERROR</string>
				<key>CLANG_WARN_EMPTY_BODY</key>
				<string>YES</string>
				<key>CLANG_WARN_ENUM_CONVERSION</key>
				<string>YES</string>
				<key>CLANG_WARN_INT_CONVERSION</key>
				<string>YES</string>
				<key>CLANG_WARN_OBJC_ROOT_CLASS</key>
				<string>YES_ERROR</string>
				<key>CLANG_WARN__DUPLICATE_METHOD_MATCH</key>
				<string>YES</string>
				<key>CODE_SIGN_IDENTITY[sdk=iphoneos*]</key>
				<string>iPhone Developer</string>
				<key>COPY_PHASE_STRIP</key>
				<string>YES</string>
				<key>ENABLE_NS_ASSERTIONS</key>
				<string>NO</string>
				<key>GCC_C_LANGUAGE_STANDARD</key>
				<string>gnu99</string>
				<key>GCC_WARN_64_TO_32_BIT_CONVERSION</key>
				<string>YES</string>
				<key>GCC_WARN_ABOUT_RETURN_TYPE</key>
				<string>YES_ERROR</string>
				<key>GCC_WARN_UNDECLARED_SELECTOR</key>
				<string>YES</string>
				<key>GCC_WARN_UNINITIALIZED_AUTOS</key>
				<string>YES</string>
				<key>GCC_WARN_UNUSED_FUNCTION</key>
				<string>YES</string>
				<key>GCC_WARN_UNUSED_VARIABLE</key>
				<string>YES</string>
				<key>IPHONEOS_DEPLOYMENT_TARGET</key>
				<string>7.0</string>
				<key>SDKROOT</key>
				<string>iphoneos</string>
				<key>VALIDATE_PRODUCT</key>
				<string>YES</string>
			</dict>
			<key>isa</key>
			<string>XCBuildConfiguration</string>
			<key>name</key>
			<string>Release</string>
		</dict>
		<key>52C6CF4318CDC95400E26D38</key>
		<dict>
			<key>buildConfigurations</key>
			<array>
				<string>52C6CF4418CDC95400E26D38</string>
				<string>52C6CF4518CDC95400E26D38</string>
			</array>
			<key>defaultConfigurationIsVisible</key>
			<string>0</string>
			<key>isa</key>
			<string>XCConfigurationList</string>
		</dict>
		<key>52C6CF4418CDC95400E26D38</key>
		<dict>
			<key>baseConfigurationReference</key>
			<string>4BACA2E4DC704563B580433D</string>
			<key>buildSettings</key>
			<dict>
				<key>ASSETCATALOG_COMPILER_APPICON_NAME</key>
				<string>AppIcon</string>
				<key>ASSETCATALOG_COMPILER_LAUNCHIMAGE_NAME</key>
				<string>LaunchImage</string>
				<key>CODE_SIGN_IDENTITY</key>
				<string>iPhone Developer: Krisztian Szabo (6KN2G67E7Q)</string>
				<key>CODE_SIGN_IDENTITY[sdk=iphoneos*]</key>
				<string>iPhone Developer: Krisztian Szabo (6KN2G67E7Q)</string>
				<key>GCC_PRECOMPILE_PREFIX_HEADER</key>
				<string>YES</string>
				<key>GCC_PREFIX_HEADER</key>
				<string>PebbleWeatherNotifier/PebbleWeatherNotifier-Prefix.pch</string>
				<key>INFOPLIST_FILE</key>
				<string>PebbleWeatherNotifier/PebbleWeatherNotifier-Info.plist</string>
				<key>PRODUCT_NAME</key>
				<string>Grobly</string>
				<key>PROVISIONING_PROFILE</key>
				<string>CF05AA0D-82CC-45AC-BC97-C21292670265</string>
				<key>TARGETED_DEVICE_FAMILY</key>
				<string>1</string>
				<key>WRAPPER_EXTENSION</key>
				<string>app</string>
			</dict>
			<key>isa</key>
			<string>XCBuildConfiguration</string>
			<key>name</key>
			<string>Debug</string>
		</dict>
		<key>52C6CF4518CDC95400E26D38</key>
		<dict>
			<key>baseConfigurationReference</key>
			<string>4BACA2E4DC704563B580433D</string>
			<key>buildSettings</key>
			<dict>
				<key>ASSETCATALOG_COMPILER_APPICON_NAME</key>
				<string>AppIcon</string>
				<key>ASSETCATALOG_COMPILER_LAUNCHIMAGE_NAME</key>
				<string>LaunchImage</string>
				<key>CODE_SIGN_IDENTITY</key>
				<string>iPhone Distribution: Krisztian Szabo (64JQC44DL3)</string>
				<key>CODE_SIGN_IDENTITY[sdk=iphoneos*]</key>
				<string>iPhone Distribution: Krisztian Szabo (64JQC44DL3)</string>
				<key>GCC_PRECOMPILE_PREFIX_HEADER</key>
				<string>YES</string>
				<key>GCC_PREFIX_HEADER</key>
				<string>PebbleWeatherNotifier/PebbleWeatherNotifier-Prefix.pch</string>
				<key>INFOPLIST_FILE</key>
				<string>PebbleWeatherNotifier/PebbleWeatherNotifier-Info.plist</string>
				<key>PRODUCT_NAME</key>
				<string>Grobly</string>
				<key>PROVISIONING_PROFILE</key>
				<string></string>
				<key>TARGETED_DEVICE_FAMILY</key>
				<string>1</string>
				<key>WRAPPER_EXTENSION</key>
				<string>app</string>
			</dict>
			<key>isa</key>
			<string>XCBuildConfiguration</string>
			<key>name</key>
			<string>Release</string>
		</dict>
		<key>52C6CF4618CDC95400E26D38</key>
		<dict>
			<key>buildConfigurations</key>
			<array>
				<string>52C6CF4718CDC95400E26D38</string>
				<string>52C6CF4818CDC95400E26D38</string>
			</array>
			<key>defaultConfigurationIsVisible</key>
			<string>0</string>
			<key>isa</key>
			<string>XCConfigurationList</string>
		</dict>
		<key>52C6CF4718CDC95400E26D38</key>
		<dict>
			<key>buildSettings</key>
			<dict>
				<key>ARCHS</key>
				<string>$(ARCHS_STANDARD_INCLUDING_64_BIT)</string>
				<key>BUNDLE_LOADER</key>
				<string>$(BUILT_PRODUCTS_DIR)/PebbleWeatherNotifier.app/PebbleWeatherNotifier</string>
				<key>FRAMEWORK_SEARCH_PATHS</key>
				<array>
					<string>$(SDKROOT)/Developer/Library/Frameworks</string>
					<string>$(inherited)</string>
					<string>$(DEVELOPER_FRAMEWORKS_DIR)</string>
				</array>
				<key>GCC_PRECOMPILE_PREFIX_HEADER</key>
				<string>YES</string>
				<key>GCC_PREFIX_HEADER</key>
				<string>PebbleWeatherNotifier/PebbleWeatherNotifier-Prefix.pch</string>
				<key>GCC_PREPROCESSOR_DEFINITIONS</key>
				<array>
					<string>DEBUG=1</string>
					<string>$(inherited)</string>
				</array>
				<key>INFOPLIST_FILE</key>
				<string>PebbleWeatherNotifierTests/PebbleWeatherNotifierTests-Info.plist</string>
				<key>PRODUCT_NAME</key>
				<string>$(TARGET_NAME)</string>
				<key>TEST_HOST</key>
				<string>$(BUNDLE_LOADER)</string>
				<key>WRAPPER_EXTENSION</key>
				<string>xctest</string>
			</dict>
			<key>isa</key>
			<string>XCBuildConfiguration</string>
			<key>name</key>
			<string>Debug</string>
		</dict>
		<key>52C6CF4818CDC95400E26D38</key>
		<dict>
			<key>buildSettings</key>
			<dict>
				<key>ARCHS</key>
				<string>$(ARCHS_STANDARD_INCLUDING_64_BIT)</string>
				<key>BUNDLE_LOADER</key>
				<string>$(BUILT_PRODUCTS_DIR)/PebbleWeatherNotifier.app/PebbleWeatherNotifier</string>
				<key>FRAMEWORK_SEARCH_PATHS</key>
				<array>
					<string>$(SDKROOT)/Developer/Library/Frameworks</string>
					<string>$(inherited)</string>
					<string>$(DEVELOPER_FRAMEWORKS_DIR)</string>
				</array>
				<key>GCC_PRECOMPILE_PREFIX_HEADER</key>
				<string>YES</string>
				<key>GCC_PREFIX_HEADER</key>
				<string>PebbleWeatherNotifier/PebbleWeatherNotifier-Prefix.pch</string>
				<key>INFOPLIST_FILE</key>
				<string>PebbleWeatherNotifierTests/PebbleWeatherNotifierTests-Info.plist</string>
				<key>PRODUCT_NAME</key>
				<string>$(TARGET_NAME)</string>
				<key>TEST_HOST</key>
				<string>$(BUNDLE_LOADER)</string>
				<key>WRAPPER_EXTENSION</key>
				<string>xctest</string>
			</dict>
			<key>isa</key>
			<string>XCBuildConfiguration</string>
			<key>name</key>
			<string>Release</string>
		</dict>
		<key>52C6CF4918CDCA4500E26D38</key>
		<dict>
			<key>children</key>
			<array>
				<string>52C6CF5318CDCADA00E26D38</string>
				<string>52C6CF5418CDCADA00E26D38</string>
			</array>
			<key>isa</key>
			<string>PBXGroup</string>
			<key>name</key>
			<string>AppDelegate</string>
			<key>sourceTree</key>
			<string>&lt;group&gt;</string>
		</dict>
		<key>52C6CF4A18CDCA8300E26D38</key>
		<dict>
			<key>children</key>
			<array>
				<string>52C6CF6018CDE37E00E26D38</string>
				<string>52C6CF4F18CDCAC200E26D38</string>
			</array>
			<key>isa</key>
			<string>PBXGroup</string>
			<key>name</key>
			<string>Controller</string>
			<key>sourceTree</key>
			<string>&lt;group&gt;</string>
		</dict>
		<key>52C6CF4B18CDCA8800E26D38</key>
		<dict>
			<key>children</key>
			<array>
				<string>52C6CF6418CDE3BC00E26D38</string>
				<string>52C6CF5C18CDE10000E26D38</string>
				<string>52C6CF5618CDCEF300E26D38</string>
			</array>
			<key>isa</key>
			<string>PBXGroup</string>
			<key>name</key>
			<string>Model</string>
			<key>sourceTree</key>
			<string>&lt;group&gt;</string>
		</dict>
		<key>52C6CF4C18CDCAA900E26D38</key>
		<dict>
			<key>children</key>
			<array/>
			<key>isa</key>
			<string>PBXGroup</string>
			<key>name</key>
			<string>View</string>
			<key>sourceTree</key>
			<string>&lt;group&gt;</string>
		</dict>
		<key>52C6CF4D18CDCAAE00E26D38</key>
		<dict>
			<key>children</key>
			<array>
				<string>52C6CF2618CDC95400E26D38</string>
			</array>
			<key>isa</key>
			<string>PBXGroup</string>
			<key>name</key>
			<string>Storyboard</string>
			<key>sourceTree</key>
			<string>&lt;group&gt;</string>
		</dict>
		<key>52C6CF4E18CDCAB400E26D38</key>
		<dict>
			<key>children</key>
			<array>
				<string>52C6CF2C18CDC95400E26D38</string>
			</array>
			<key>isa</key>
			<string>PBXGroup</string>
			<key>name</key>
			<string>Resources</string>
			<key>sourceTree</key>
			<string>&lt;group&gt;</string>
		</dict>
		<key>52C6CF4F18CDCAC200E26D38</key>
		<dict>
			<key>children</key>
			<array>
				<string>52C6CF5018CDCAD100E26D38</string>
				<string>52C6CF5118CDCAD100E26D38</string>
			</array>
			<key>isa</key>
			<string>PBXGroup</string>
			<key>name</key>
			<string>MainViewController</string>
			<key>sourceTree</key>
			<string>&lt;group&gt;</string>
		</dict>
		<key>52C6CF5018CDCAD100E26D38</key>
		<dict>
			<key>fileEncoding</key>
			<string>4</string>
			<key>isa</key>
			<string>PBXFileReference</string>
			<key>lastKnownFileType</key>
			<string>sourcecode.c.h</string>
			<key>name</key>
			<string>MainViewController.h</string>
			<key>path</key>
			<string>Controller/MainViewController/MainViewController.h</string>
			<key>sourceTree</key>
			<string>&lt;group&gt;</string>
		</dict>
		<key>52C6CF5118CDCAD100E26D38</key>
		<dict>
			<key>fileEncoding</key>
			<string>4</string>
			<key>isa</key>
			<string>PBXFileReference</string>
			<key>lastKnownFileType</key>
			<string>sourcecode.c.objc</string>
			<key>name</key>
			<string>MainViewController.m</string>
			<key>path</key>
			<string>Controller/MainViewController/MainViewController.m</string>
			<key>sourceTree</key>
			<string>&lt;group&gt;</string>
		</dict>
		<key>52C6CF5218CDCAD100E26D38</key>
		<dict>
			<key>fileRef</key>
			<string>52C6CF5118CDCAD100E26D38</string>
			<key>isa</key>
			<string>PBXBuildFile</string>
		</dict>
		<key>52C6CF5318CDCADA00E26D38</key>
		<dict>
			<key>fileEncoding</key>
			<string>4</string>
			<key>isa</key>
			<string>PBXFileReference</string>
			<key>lastKnownFileType</key>
			<string>sourcecode.c.h</string>
			<key>name</key>
			<string>AppDelegate.h</string>
			<key>path</key>
			<string>AppDelegate/AppDelegate.h</string>
			<key>sourceTree</key>
			<string>&lt;group&gt;</string>
		</dict>
		<key>52C6CF5418CDCADA00E26D38</key>
		<dict>
			<key>fileEncoding</key>
			<string>4</string>
			<key>isa</key>
			<string>PBXFileReference</string>
			<key>lastKnownFileType</key>
			<string>sourcecode.c.objc</string>
			<key>name</key>
			<string>AppDelegate.m</string>
			<key>path</key>
			<string>AppDelegate/AppDelegate.m</string>
			<key>sourceTree</key>
			<string>&lt;group&gt;</string>
		</dict>
		<key>52C6CF5518CDCADA00E26D38</key>
		<dict>
			<key>fileRef</key>
			<string>52C6CF5418CDCADA00E26D38</string>
			<key>isa</key>
			<string>PBXBuildFile</string>
		</dict>
		<key>52C6CF5618CDCEF300E26D38</key>
		<dict>
			<key>children</key>
			<array>
				<string>52C6CF5718CDCF1500E26D38</string>
				<string>52C6CF5818CDCF1500E26D38</string>
			</array>
			<key>isa</key>
			<string>PBXGroup</string>
			<key>name</key>
			<string>ApiClient</string>
			<key>sourceTree</key>
			<string>&lt;group&gt;</string>
		</dict>
		<key>52C6CF5718CDCF1500E26D38</key>
		<dict>
			<key>fileEncoding</key>
			<string>4</string>
			<key>isa</key>
			<string>PBXFileReference</string>
			<key>lastKnownFileType</key>
			<string>sourcecode.c.h</string>
			<key>name</key>
			<string>ApiClient.h</string>
			<key>path</key>
			<string>Model/ApiClient/ApiClient.h</string>
			<key>sourceTree</key>
			<string>&lt;group&gt;</string>
		</dict>
		<key>52C6CF5818CDCF1500E26D38</key>
		<dict>
			<key>fileEncoding</key>
			<string>4</string>
			<key>isa</key>
			<string>PBXFileReference</string>
			<key>lastKnownFileType</key>
			<string>sourcecode.c.objc</string>
			<key>name</key>
			<string>ApiClient.m</string>
			<key>path</key>
			<string>Model/ApiClient/ApiClient.m</string>
			<key>sourceTree</key>
			<string>&lt;group&gt;</string>
		</dict>
		<key>52C6CF5918CDCF1500E26D38</key>
		<dict>
			<key>fileRef</key>
			<string>52C6CF5818CDCF1500E26D38</string>
			<key>isa</key>
			<string>PBXBuildFile</string>
		</dict>
		<key>52C6CF5A18CDCF4C00E26D38</key>
		<dict>
			<key>isa</key>
			<string>PBXFileReference</string>
			<key>lastKnownFileType</key>
			<string>wrapper.framework</string>
			<key>name</key>
			<string>CoreLocation.framework</string>
			<key>path</key>
			<string>System/Library/Frameworks/CoreLocation.framework</string>
			<key>sourceTree</key>
			<string>SDKROOT</string>
		</dict>
		<key>52C6CF5B18CDCF4C00E26D38</key>
		<dict>
			<key>fileRef</key>
			<string>52C6CF5A18CDCF4C00E26D38</string>
			<key>isa</key>
			<string>PBXBuildFile</string>
		</dict>
		<key>52C6CF5C18CDE10000E26D38</key>
		<dict>
			<key>children</key>
			<array>
				<string>52C6CF5D18CDE11A00E26D38</string>
				<string>52C6CF5E18CDE11A00E26D38</string>
			</array>
			<key>isa</key>
			<string>PBXGroup</string>
			<key>name</key>
			<string>Categories</string>
			<key>sourceTree</key>
			<string>&lt;group&gt;</string>
		</dict>
		<key>52C6CF5D18CDE11A00E26D38</key>
		<dict>
			<key>fileEncoding</key>
			<string>4</string>
			<key>isa</key>
			<string>PBXFileReference</string>
			<key>lastKnownFileType</key>
			<string>sourcecode.c.h</string>
			<key>name</key>
			<string>UIColor+Grobly.h</string>
			<key>path</key>
			<string>Model/Categories/UIColor+Grobly.h</string>
			<key>sourceTree</key>
			<string>&lt;group&gt;</string>
		</dict>
		<key>52C6CF5E18CDE11A00E26D38</key>
		<dict>
			<key>fileEncoding</key>
			<string>4</string>
			<key>isa</key>
			<string>PBXFileReference</string>
			<key>lastKnownFileType</key>
			<string>sourcecode.c.objc</string>
			<key>name</key>
			<string>UIColor+Grobly.m</string>
			<key>path</key>
			<string>Model/Categories/UIColor+Grobly.m</string>
			<key>sourceTree</key>
			<string>&lt;group&gt;</string>
		</dict>
		<key>52C6CF5F18CDE11A00E26D38</key>
		<dict>
			<key>fileRef</key>
			<string>52C6CF5E18CDE11A00E26D38</string>
			<key>isa</key>
			<string>PBXBuildFile</string>
		</dict>
		<key>52C6CF6018CDE37E00E26D38</key>
		<dict>
			<key>children</key>
			<array>
				<string>52C6CF6118CDE3AD00E26D38</string>
				<string>52C6CF6218CDE3AD00E26D38</string>
			</array>
			<key>isa</key>
			<string>PBXGroup</string>
			<key>name</key>
			<string>CreateConditionViewController</string>
			<key>sourceTree</key>
			<string>&lt;group&gt;</string>
		</dict>
		<key>52C6CF6118CDE3AD00E26D38</key>
		<dict>
			<key>fileEncoding</key>
			<string>4</string>
			<key>isa</key>
			<string>PBXFileReference</string>
			<key>lastKnownFileType</key>
			<string>sourcecode.c.h</string>
			<key>name</key>
			<string>CreateConditionViewController.h</string>
			<key>path</key>
			<string>Controller/CreateConditionViewController/CreateConditionViewController.h</string>
			<key>sourceTree</key>
			<string>&lt;group&gt;</string>
		</dict>
		<key>52C6CF6218CDE3AD00E26D38</key>
		<dict>
			<key>fileEncoding</key>
			<string>4</string>
			<key>isa</key>
			<string>PBXFileReference</string>
			<key>lastKnownFileType</key>
			<string>sourcecode.c.objc</string>
			<key>name</key>
			<string>CreateConditionViewController.m</string>
			<key>path</key>
			<string>Controller/CreateConditionViewController/CreateConditionViewController.m</string>
			<key>sourceTree</key>
			<string>&lt;group&gt;</string>
		</dict>
		<key>52C6CF6318CDE3AD00E26D38</key>
		<dict>
			<key>fileRef</key>
			<string>52C6CF6218CDE3AD00E26D38</string>
			<key>isa</key>
			<string>PBXBuildFile</string>
		</dict>
		<key>52C6CF6418CDE3BC00E26D38</key>
		<dict>
			<key>children</key>
			<array>
				<string>52C6CF6518CDE3CD00E26D38</string>
			</array>
			<key>isa</key>
			<string>PBXGroup</string>
			<key>name</key>
			<string>CoreData</string>
			<key>sourceTree</key>
			<string>&lt;group&gt;</string>
		</dict>
		<key>52C6CF6518CDE3CD00E26D38</key>
		<dict>
			<key>children</key>
			<array>
				<string>52C6CF6618CDE3CD00E26D38</string>
			</array>
			<key>currentVersion</key>
			<string>52C6CF6618CDE3CD00E26D38</string>
			<key>isa</key>
			<string>XCVersionGroup</string>
			<key>name</key>
			<string>Model.xcdatamodeld</string>
			<key>path</key>
			<string>Model/CoreData/Model.xcdatamodeld</string>
			<key>sourceTree</key>
			<string>&lt;group&gt;</string>
			<key>versionGroupType</key>
			<string>wrapper.xcdatamodel</string>
		</dict>
		<key>52C6CF6618CDE3CD00E26D38</key>
		<dict>
			<key>isa</key>
			<string>PBXFileReference</string>
			<key>lastKnownFileType</key>
			<string>wrapper.xcdatamodel</string>
			<key>path</key>
			<string>Model.xcdatamodel</string>
			<key>sourceTree</key>
			<string>&lt;group&gt;</string>
		</dict>
		<key>52C6CF6718CDE3CD00E26D38</key>
		<dict>
			<key>fileRef</key>
			<string>52C6CF6518CDE3CD00E26D38</string>
			<key>isa</key>
			<string>PBXBuildFile</string>
		</dict>
		<key>A5441D67B3F044B5AAAEFCCB</key>
		<dict>
			<key>buildActionMask</key>
			<string>2147483647</string>
			<key>files</key>
			<array/>
			<key>inputPaths</key>
			<array/>
			<key>isa</key>
			<string>PBXShellScriptBuildPhase</string>
			<key>name</key>
			<string>Copy Pods Resources</string>
			<key>outputPaths</key>
			<array/>
			<key>runOnlyForDeploymentPostprocessing</key>
			<string>0</string>
			<key>shellPath</key>
			<string>/bin/sh</string>
			<key>shellScript</key>
			<string>"${SRCROOT}/Pods/Pods-resources.sh"
</string>
			<key>showEnvVarsInLog</key>
			<string>0</string>
		</dict>
		<key>AAC8BBC665454306B5E90F65</key>
		<dict>
			<key>explicitFileType</key>
			<string>archive.ar</string>
			<key>includeInIndex</key>
			<string>0</string>
			<key>isa</key>
			<string>PBXFileReference</string>
			<key>path</key>
			<string>libPods.a</string>
			<key>sourceTree</key>
			<string>BUILT_PRODUCTS_DIR</string>
		</dict>
		<key>B3EA0A8E60724825A28D184C</key>
		<dict>
			<key>fileRef</key>
			<string>AAC8BBC665454306B5E90F65</string>
			<key>isa</key>
			<string>PBXBuildFile</string>
		</dict>
		<key>CB53C16AACD6431CBB1236BA</key>
		<dict>
			<key>buildActionMask</key>
			<string>2147483647</string>
			<key>files</key>
			<array/>
			<key>inputPaths</key>
			<array/>
			<key>isa</key>
			<string>PBXShellScriptBuildPhase</string>
			<key>name</key>
			<string>Check Pods Manifest.lock</string>
			<key>outputPaths</key>
			<array/>
			<key>runOnlyForDeploymentPostprocessing</key>
			<string>0</string>
			<key>shellPath</key>
			<string>/bin/sh</string>
			<key>shellScript</key>
			<string>diff "${PODS_ROOT}/../Podfile.lock" "${PODS_ROOT}/Manifest.lock" &gt; /dev/null
if [[ $? != 0 ]] ; then
    cat &lt;&lt; EOM
error: The sandbox is not in sync with the Podfile.lock. Run 'pod install' or update your CocoaPods installation.
EOM
    exit 1
fi
</string>
			<key>showEnvVarsInLog</key>
			<string>0</string>
		</dict>
	</dict>
	<key>rootObject</key>
	<string>52C6CF0918CDC95400E26D38</string>
</dict>
</plist>
